
Microsoft Visual Studio Solution File, Format Version 12.00
# Visual Studio Version 16
VisualStudioVersion = 16.0.30413.136
MinimumVisualStudioVersion = 10.0.40219.1
Project("{FAE04EC0-301F-11D3-BF4B-00C04F79EFBC}") = "Model_Struct_Builder", "Model_Struct_Builder\Model_Struct_Builder.csproj", "{DB665E3D-FEC6-43E4-8622-1FEAD70343C8}"
EndProject
Project("{FAE04EC0-301F-11D3-BF4B-00C04F79EFBC}") = "BasicLib", "BasicLib\BasicLib.csproj", "{063F4215-2D50-4D60-AEC0-7A4A1FFC7283}"
EndProject
Global
	GlobalSection(SolutionConfigurationPlatforms) = preSolution
		Debug|Any CPU = Debug|Any CPU
		Release|Any CPU = Release|Any CPU
	EndGlobalSection
	GlobalSection(ProjectConfigurationPlatforms) = postSolution
		{DB665E3D-FEC6-43E4-8622-1FEAD70343C8}.Debug|Any CPU.ActiveCfg = Debug|Any CPU
		{DB665E3D-FEC6-43E4-8622-1FEAD70343C8}.Debug|Any CPU.Build.0 = Debug|Any CPU
		{DB665E3D-FEC6-43E4-8622-1FEAD70343C8}.Release|Any CPU.ActiveCfg = Release|Any CPU
		{DB665E3D-FEC6-43E4-8622-1FEAD70343C8}.Release|Any CPU.Build.0 = Release|Any CPU
		{063F4215-2D50-4D60-AEC0-7A4A1FFC7283}.Debug|Any CPU.ActiveCfg = Debug|Any CPU
		{063F4215-2D50-4D60-AEC0-7A4A1FFC7283}.Debug|Any CPU.Build.0 = Debug|Any CPU
		{063F4215-2D50-4D60-AEC0-7A4A1FFC7283}.Release|Any CPU.ActiveCfg = Release|Any CPU
		{063F4215-2D50-4D60-AEC0-7A4A1FFC7283}.Release|Any CPU.Build.0 = Release|Any CPU
	EndGlobalSection
	GlobalSection(SolutionProperties) = preSolution
		HideSolutionNode = FALSE
	EndGlobalSection
	GlobalSection(ExtensibilityGlobals) = postSolution
		SolutionGuid = {2768A27C-0B86-4ACD-BC6F-A0FABFECAB3B}
	EndGlobalSection
EndGlobal
